// !$*UTF8*$!
{
	archiveVersion = 1;
	classes = {
	};
	objectVersion = 46;
	objects = {

/* Begin PBXBuildFile section */
		4820768318258AB20062CBCF /* main.c in Sources */ = {isa = PBXBuildFile; fileRef = 4820768218258AB20062CBCF /* main.c */; };
		4820768518258AB20062CBCF /* ExtraCredit9.1 in CopyFiles */ = {isa = PBXBuildFile; fileRef = 4820768418258AB20062CBCF /* ExtraCredit9.1 */; };
/* End PBXBuildFile section */

/* Begin PBXCopyFilesBuildPhase section */
		4820767D18258AB10062CBCF /* CopyFiles */ = {
			isa = PBXCopyFilesBuildPhase;
			buildActionMask = 2147483647;
			dstPath = /usr/share/man/man1/;
			dstSubfolderSpec = 0;
			files = (
				4820768518258AB20062CBCF /* ExtraCredit9.1 in CopyFiles */,
			);
			runOnlyForDeploymentPostprocessing = 1;
		};
/* End PBXCopyFilesBuildPhase section */

/* Begin PBXFileReference section */
		4820767F18258AB10062CBCF /* ExtraCredit9 */ = {isa = PBXFileReference; explicitFileType = "compiled.mach-o.executable"; includeInIndex = 0; path = ExtraCredit9; sourceTree = BUILT_PRODUCTS_DIR; };
		4820768218258AB20062CBCF /* main.c */ = {isa = PBXFileReference; lastKnownFileType = sourcecode.c.c; path = main.c; sourceTree = "<group>"; };
		4820768418258AB20062CBCF /* ExtraCredit9.1 */ = {isa = PBXFileReference; lastKnownFileType = text.man; path = ExtraCredit9.1; sourceTree = "<group>"; };
/* End PBXFileReference section */

/* Begin PBXFrameworksBuildPhase section */
		4820767C18258AB10062CBCF /* Frameworks */ = {
			isa = PBXFrameworksBuildPhase;
			buildActionMask = 2147483647;
			files = (
			);
			runOnlyForDeploymentPostprocessing = 0;
		};
/* End PBXFrameworksBuildPhase section */

/* Begin PBXGroup section */
		4820767618258AB10062CBCF = {
			isa = PBXGroup;
			children = (
				4820768118258AB20062CBCF /* ExtraCredit9 */,
				4820768018258AB10062CBCF /* Products */,
			);
			sourceTree = "<group>";
		};
		4820768018258AB10062CBCF /* Products */ = {
			isa = PBXGroup;
			children = (
				4820767F18258AB10062CBCF /* ExtraCredit9 */,
			);
			name = Products;
			sourceTree = "<group>";
		};
		4820768118258AB20062CBCF /* ExtraCredit9 */ = {
			isa = PBXGroup;
			children = (
				4820768218258AB20062CBCF /* main.c */,
				4820768418258AB20062CBCF /* ExtraCredit9.1 */,
			);
			name = ExtraCredit9;
			path = ExtraCedit9;
			sourceTree = "<group>";
		};
/* End PBXGroup section */

/* Begin PBXNativeTarget section */
		4820767E18258AB10062CBCF /* ExtraCredit9 */ = {
			isa = PBXNativeTarget;
			buildConfigurationList = 4820768818258AB20062CBCF /* Build configuration list for PBXNativeTarget "ExtraCredit9" */;
			buildPhases = (
				4820767B18258AB10062CBCF /* Sources */,
				4820767C18258AB10062CBCF /* Frameworks */,
				4820767D18258AB10062CBCF /* CopyFiles */,
			);
			buildRules = (
			);
			dependencies = (
			);
			name = ExtraCredit9;
			productName = ExtraCedit9;
			productReference = 4820767F18258AB10062CBCF /* ExtraCredit9 */;
			productType = "com.apple.product-type.tool";
		};
/* End PBXNativeTarget section */

/* Begin PBXProject section */
		4820767718258AB10062CBCF /* Project object */ = {
			isa = PBXProject;
			attributes = {
				LastUpgradeCheck = 0500;
				ORGANIZATIONNAME = "Randy McMillan";
			};
			buildConfigurationList = 4820767A18258AB10062CBCF /* Build configuration list for PBXProject "ExtraCredit9" */;
			compatibilityVersion = "Xcode 3.2";
			developmentRegion = English;
			hasScannedForEncodings = 0;
			knownRegions = (
				en,
			);
			mainGroup = 4820767618258AB10062CBCF;
			productRefGroup = 4820768018258AB10062CBCF /* Products */;
			projectDirPath = "";
			projectRoot = "";
			targets = (
				4820767E18258AB10062CBCF /* ExtraCredit9 */,
			);
		};
/* End PBXProject section */

/* Begin PBXSourcesBuildPhase section */
		4820767B18258AB10062CBCF /* Sources */ = {
			isa = PBXSourcesBuildPhase;
			buildActionMask = 2147483647;
			files = (
				4820768318258AB20062CBCF /* main.c in Sources */,
			);
			runOnlyForDeploymentPostprocessing = 0;
		};
/* End PBXSourcesBuildPhase section */

/* Begin XCBuildConfiguration section */
		4820768618258AB20062CBCF /* Debug */ = {
			isa = XCBuildConfiguration;
			buildSettings = {
				ALWAYS_SEARCH_USER_PATHS = NO;
				CLANG_CXX_LANGUAGE_STANDARD = "gnu++0x";
				CLANG_CXX_LIBRARY = "libc++";
				CLANG_ENABLE_OBJC_ARC = YES;
				CLANG_WARN_BOOL_CONVERSION = YES;
				CLANG_WARN_CONSTANT_CONVERSION = YES;
				CLANG_WARN_DIRECT_OBJC_ISA_USAGE = YES_ERROR;
				CLANG_WARN_EMPTY_BODY = YES;
				CLANG_WARN_ENUM_CONVERSION = YES;
				CLANG_WARN_INT_CONVERSION = YES;
				CLANG_WARN_OBJC_ROOT_CLASS = YES_ERROR;
				CLANG_WARN__DUPLICATE_METHOD_MATCH = YES;
				COPY_PHASE_STRIP = NO;
				GCC_C_LANGUAGE_STANDARD = gnu99;
				GCC_DYNAMIC_NO_PIC = NO;
				GCC_ENABLE_OBJC_EXCEPTIONS = YES;
				GCC_OPTIMIZATION_LEVEL = 0;
				GCC_PREPROCESSOR_DEFINITIONS = (
					"DEBUG=1",
					"$(inherited)",
				);
				GCC_SYMBOLS_PRIVATE_EXTERN = NO;
				GCC_WARN_64_TO_32_BIT_CONVERSION = YES;
				GCC_WARN_ABOUT_RETURN_TYPE = YES_ERROR;
				GCC_WARN_UNDECLARED_SELECTOR = YES;
				GCC_WARN_UNINITIALIZED_AUTOS = YES;
				GCC_WARN_UNUSED_FUNCTION = YES;
				GCC_WARN_UNUSED_VARIABLE = YES;
				MACOSX_DEPLOYMENT_TARGET = 10.9;
				ONLY_ACTIVE_ARCH = YES;
				SDKROOT = macosx;
			};
			name = Debug;
		};
		4820768718258AB20062CBCF /* Release */ = {
			isa = XCBuildConfiguration;
			buildSettings = {
				ALWAYS_SEARCH_USER_PATHS = NO;
				CLANG_CXX_LANGUAGE_STANDARD = "gnu++0x";
				CLANG_CXX_LIBRARY = "libc++";
				CLANG_ENABLE_OBJC_ARC = YES;
				CLANG_WARN_BOOL_CONVERSION = YES;
				CLANG_WARN_CONSTANT_CONVERSION = YES;
				CLANG_WARN_DIRECT_OBJC_ISA_USAGE = YES_ERROR;
				CLANG_WARN_EMPTY_BODY = YES;
				CLANG_WARN_ENUM_CONVERSION = YES;
				CLANG_WARN_INT_CONVERSION = YES;
				CLANG_WARN_OBJC_ROOT_CLASS = YES_ERROR;
				CLANG_WARN__DUPLICATE_METHOD_MATCH = YES;
				COPY_PHASE_STRIP = YES;
				DEBUG_INFORMATION_FORMAT = "dwarf-with-dsym";
				ENABLE_NS_ASSERTIONS = NO;
				GCC_C_LANGUAGE_STANDARD = gnu99;
				GCC_ENABLE_OBJC_EXCEPTIONS = YES;
				GCC_WARN_64_TO_32_BIT_CONVERSION = YES;
				GCC_WARN_ABOUT_RETURN_TYPE = YES_ERROR;
				GCC_WARN_UNDECLARED_SELECTOR = YES;
				GCC_WARN_UNINITIALIZED_AUTOS = YES;
				GCC_WARN_UNUSED_FUNCTION = YES;
				GCC_WARN_UNUSED_VARIABLE = YES;
				MACOSX_DEPLOYMENT_TARGET = 10.9;
				SDKROOT = macosx;
			};
			name = Release;
		};
		4820768918258AB20062CBCF /* Debug */ = {
			isa = XCBuildConfiguration;
			buildSettings = {
				PRODUCT_NAME = ExtraCredit9;
			};
			name = Debug;
		};
		4820768A18258AB20062CBCF /* Release */ = {
			isa = XCBuildConfiguration;
			buildSettings = {
				PRODUCT_NAME = ExtraCredit9;
			};
			name = Release;
		};
/* End XCBuildConfiguration section */

/* Begin XCConfigurationList section */
		4820767A18258AB10062CBCF /* Build configuration list for PBXProject "ExtraCredit9" */ = {
			isa = XCConfigurationList;
			buildConfigurations = (
				4820768618258AB20062CBCF /* Debug */,
				4820768718258AB20062CBCF /* Release */,
			);
			defaultConfigurationIsVisible = 0;
			defaultConfigurationName = Release;
		};
		4820768818258AB20062CBCF /* Build configuration list for PBXNativeTarget "ExtraCredit9" */ = {
			isa = XCConfigurationList;
			buildConfigurations = (
				4820768918258AB20062CBCF /* Debug */,
				4820768A18258AB20062CBCF /* Release */,
			);
			defaultConfigurationIsVisible = 0;
			defaultConfigurationName = Release;
		};
/* End XCConfigurationList section */
	};
	rootObject = 4820767718258AB10062CBCF /* Project object */;
}
